
Microsoft Visual Studio Solution File, Format Version 12.00
# Visual Studio 15
VisualStudioVersion = 15.0.27428.2037
MinimumVisualStudioVersion = 10.0.40219.1
Project("{FAE04EC0-301F-11D3-BF4B-00C04F79EFBC}") = "Tweaky", "Tweaky.csproj", "{EC691030-3F2F-48DB-83A0-5588A68FE403}"
EndProject
Global
	GlobalSection(SolutionConfigurationPlatforms) = preSolution
		Debug|x64 = Debug|x64
		Release|x64 = Release|x64
	EndGlobalSection
	GlobalSection(ProjectConfigurationPlatforms) = postSolution
		{EC691030-3F2F-48DB-83A0-5588A68FE403}.Debug|x64.ActiveCfg = Debug|x64
		{EC691030-3F2F-48DB-83A0-5588A68FE403}.Debug|x64.Build.0 = Debug|x64
		{EC691030-3F2F-48DB-83A0-5588A68FE403}.Release|x64.ActiveCfg = Release|x64
		{EC691030-3F2F-48DB-83A0-5588A68FE403}.Release|x64.Build.0 = Release|x64
	EndGlobalSection
	GlobalSection(SolutionProperties) = preSolution
		HideSolutionNode = FALSE
	EndGlobalSection
	GlobalSection(ExtensibilityGlobals) = postSolution
		SolutionGuid = {BFCA6EE7-EFF6-49A1-B583-E446C4519164}
	EndGlobalSection
EndGlobal
